
Microsoft Visual Studio Solution File, Format Version 12.00
# Visual Studio Version 16
VisualStudioVersion = 16.0.31702.278
MinimumVisualStudioVersion = 10.0.40219.1
Project("{FAE04EC0-301F-11D3-BF4B-00C04F79EFBC}") = "HW7.2", "HW7.2\HW7.2.csproj", "{7897C2FB-A89A-4020-A965-B3EB8B096AAF}"
EndProject
Global
	GlobalSection(SolutionConfigurationPlatforms) = preSolution
		Debug|Any CPU = Debug|Any CPU
		Release|Any CPU = Release|Any CPU
	EndGlobalSection
	GlobalSection(ProjectConfigurationPlatforms) = postSolution
		{7897C2FB-A89A-4020-A965-B3EB8B096AAF}.Debug|Any CPU.ActiveCfg = Debug|Any CPU
		{7897C2FB-A89A-4020-A965-B3EB8B096AAF}.Debug|Any CPU.Build.0 = Debug|Any CPU
		{7897C2FB-A89A-4020-A965-B3EB8B096AAF}.Release|Any CPU.ActiveCfg = Release|Any CPU
		{7897C2FB-A89A-4020-A965-B3EB8B096AAF}.Release|Any CPU.Build.0 = Release|Any CPU
	EndGlobalSection
	GlobalSection(SolutionProperties) = preSolution
		HideSolutionNode = FALSE
	EndGlobalSection
	GlobalSection(ExtensibilityGlobals) = postSolution
		SolutionGuid = {7306F3E7-7259-4149-AB5F-F4BF04A0BBEB}
	EndGlobalSection
EndGlobal
